// !$*UTF8*$!
{ archiveVersion = 1; classes = {}; objectVersion = 56; objects = {
000000000000000000000064 = { isa = PBXFileReference; lastKnownFileType = sourcecode.swift; path = Approval.swift; sourceTree = "<group>"; };
0000000000000000000000C8 = { isa = PBXBuildFile; fileRef = 000000000000000000000064; };
000000000000000000000065 = { isa = PBXFileReference; lastKnownFileType = sourcecode.swift; path = SigningKey.swift; sourceTree = "<group>"; };
0000000000000000000000C9 = { isa = PBXBuildFile; fileRef = 000000000000000000000065; };
000000000000000000000066 = { isa = PBXFileReference; lastKnownFileType = sourcecode.swift; path = Delivery.swift; sourceTree = "<group>"; };
0000000000000000000000CA = { isa = PBXBuildFile; fileRef = 000000000000000000000066; };
000000000000000000000067 = { isa = PBXFileReference; lastKnownFileType = sourcecode.swift; path = TempoApprovalApp.swift; sourceTree = "<group>"; };
0000000000000000000000CB = { isa = PBXBuildFile; fileRef = 000000000000000000000067; };
000000000000000000000001 = { isa = PBXProject; attributes = { LastUpgradeCheck = 1600; }; buildConfigurationList = 00000000000000000000000A; compatibilityVersion = "Xcode 14.0"; developmentRegion = en; mainGroup = 000000000000000000000002; productRefGroup = 000000000000000000000004; projectDirPath = ""; targets = (000000000000000000000005); };
000000000000000000000002 = { isa = PBXGroup; children = (000000000000000000000003, 000000000000000000000004); sourceTree = "<group>"; };
000000000000000000000003 = { isa = PBXGroup; children = (000000000000000000000064, 000000000000000000000065, 000000000000000000000066, 000000000000000000000067); path = TempoApproval; sourceTree = "<group>"; };
000000000000000000000004 = { isa = PBXGroup; children = (000000000000000000000006); name = Products; sourceTree = "<group>"; };
000000000000000000000006 = { isa = PBXFileReference; explicitFileType = wrapper.application; path = TempoApproval.app; sourceTree = BUILT_PRODUCTS_DIR; };
000000000000000000000005 = { isa = PBXNativeTarget; buildConfigurationList = 00000000000000000000000B; buildPhases = (000000000000000000000007, 000000000000000000000008, 000000000000000000000009); buildRules = (); dependencies = (); name = TempoApproval; productName = TempoApproval; productReference = 000000000000000000000006; productType = "com.apple.product-type.application"; };
000000000000000000000007 = { isa = PBXSourcesBuildPhase; buildActionMask = 2147483647; files = (0000000000000000000000C8, 0000000000000000000000C9, 0000000000000000000000CA, 0000000000000000000000CB); runOnlyForDeploymentPostprocessing = 0; };
000000000000000000000008 = { isa = PBXFrameworksBuildPhase; buildActionMask = 2147483647; files = (); runOnlyForDeploymentPostprocessing = 0; };
000000000000000000000009 = { isa = PBXResourcesBuildPhase; buildActionMask = 2147483647; files = (); runOnlyForDeploymentPostprocessing = 0; };
00000000000000000000000A = { isa = XCConfigurationList; buildConfigurations = (000000000000000000000014, 000000000000000000000015); defaultConfigurationIsVisible = 0; defaultConfigurationName = Release; };
00000000000000000000000B = { isa = XCConfigurationList; buildConfigurations = (000000000000000000000016, 000000000000000000000017); defaultConfigurationIsVisible = 0; defaultConfigurationName = Release; };
000000000000000000000014 = { isa = XCBuildConfiguration; name = Debug; buildSettings = { SDKROOT = iphoneos; IPHONEOS_DEPLOYMENT_TARGET = 17.0; SWIFT_VERSION = 5.0; CLANG_ENABLE_MODULES = YES; }; };
000000000000000000000015 = { isa = XCBuildConfiguration; name = Release; buildSettings = { SDKROOT = iphoneos; IPHONEOS_DEPLOYMENT_TARGET = 17.0; SWIFT_VERSION = 5.0; CLANG_ENABLE_MODULES = YES; }; };
000000000000000000000016 = { isa = XCBuildConfiguration; name = Debug; buildSettings = { PRODUCT_BUNDLE_IDENTIFIER = org.tempoapproval.iphone; PRODUCT_NAME = "$(TARGET_NAME)"; INFOPLIST_FILE = TempoApproval/Info.plist; CODE_SIGN_ENTITLEMENTS = TempoApproval/TempoApproval.entitlements; CODE_SIGN_STYLE = Automatic; DEVELOPMENT_TEAM = ""; TARGETED_DEVICE_FAMILY = 1; SWIFT_OPTIMIZATION_LEVEL = "-Onone"; }; };
000000000000000000000017 = { isa = XCBuildConfiguration; name = Release; buildSettings = { PRODUCT_BUNDLE_IDENTIFIER = org.tempoapproval.iphone; PRODUCT_NAME = "$(TARGET_NAME)"; INFOPLIST_FILE = TempoApproval/Info.plist; CODE_SIGN_ENTITLEMENTS = TempoApproval/TempoApproval.entitlements; CODE_SIGN_STYLE = Automatic; DEVELOPMENT_TEAM = ""; TARGETED_DEVICE_FAMILY = 1; SWIFT_OPTIMIZATION_LEVEL = "-Onone"; }; };
}; rootObject = 000000000000000000000001; }
